
Microsoft Visual Studio Solution File, Format Version 12.00
Project("{FAE04EC0-301F-11D3-BF4B-00C04F79EFBC}") = "CSharpPractice", "CSharpPractice\CSharpPractice.csproj", "{08C88A08-CDEF-40D7-8133-BFA86639AAF9}"
EndProject
Global
	GlobalSection(SolutionConfigurationPlatforms) = preSolution
		Debug|Any CPU = Debug|Any CPU
		Release|Any CPU = Release|Any CPU
	EndGlobalSection
	GlobalSection(ProjectConfigurationPlatforms) = postSolution
		{08C88A08-CDEF-40D7-8133-BFA86639AAF9}.Debug|Any CPU.ActiveCfg = Debug|Any CPU
		{08C88A08-CDEF-40D7-8133-BFA86639AAF9}.Debug|Any CPU.Build.0 = Debug|Any CPU
		{08C88A08-CDEF-40D7-8133-BFA86639AAF9}.Release|Any CPU.ActiveCfg = Release|Any CPU
		{08C88A08-CDEF-40D7-8133-BFA86639AAF9}.Release|Any CPU.Build.0 = Release|Any CPU
	EndGlobalSection
EndGlobal
